
Microsoft Visual Studio Solution File, Format Version 12.00
# Visual Studio Version 16
VisualStudioVersion = 16.0.31729.503
MinimumVisualStudioVersion = 10.0.40219.1
Project("{9A19103F-16F7-4668-BE54-9A1E7A4F7556}") = "CourseProject.Mvc", "src\CourseProject.Mvc\CourseProject.Mvc.csproj", "{5F4BD38E-FB94-44FE-A316-F4BE59CA0F56}"
EndProject
Project("{9A19103F-16F7-4668-BE54-9A1E7A4F7556}") = "Course Project.Data", "Course Project.Data\Course Project.Data.csproj", "{86310604-82B7-45C0-9223-DA9D1991DB3F}"
EndProject
Project("{9A19103F-16F7-4668-BE54-9A1E7A4F7556}") = "Course Project.Logic", "Course Project.Logic\Course Project.Logic.csproj", "{1F3D5ED6-55C8-4062-9A6B-A7A8A12310BF}"
EndProject
Project("{9A19103F-16F7-4668-BE54-9A1E7A4F7556}") = "CourseProject.Mvc2", "CourseProject.Mvc2\CourseProject.Mvc2.csproj", "{80240C83-6A1B-4BFC-B39A-624B8E9B8395}"
EndProject
Project("{9A19103F-16F7-4668-BE54-9A1E7A4F7556}") = "ConsoleApp1", "ConsoleApp1\ConsoleApp1.csproj", "{056104B5-EFCC-4989-8B1F-09C4F4D9E249}"
EndProject
Project("{FAE04EC0-301F-11D3-BF4B-00C04F79EFBC}") = "CourseProject.WebApi", "CourseProject.WebApi\CourseProject.WebApi.csproj", "{BEFA65B0-7CCB-46AA-BF9A-05A1552F5ED8}"
EndProject
Project("{FAE04EC0-301F-11D3-BF4B-00C04F79EFBC}") = "CourseProject.WebApi2", "CourseProject.WebApi2\CourseProject.WebApi2.csproj", "{637517C2-D5F2-4DF0-85C1-2614BAEDB75C}"
EndProject
Global
	GlobalSection(SolutionConfigurationPlatforms) = preSolution
		Debug|Any CPU = Debug|Any CPU
		Release|Any CPU = Release|Any CPU
	EndGlobalSection
	GlobalSection(ProjectConfigurationPlatforms) = postSolution
		{5F4BD38E-FB94-44FE-A316-F4BE59CA0F56}.Debug|Any CPU.ActiveCfg = Debug|Any CPU
		{5F4BD38E-FB94-44FE-A316-F4BE59CA0F56}.Debug|Any CPU.Build.0 = Debug|Any CPU
		{5F4BD38E-FB94-44FE-A316-F4BE59CA0F56}.Release|Any CPU.ActiveCfg = Release|Any CPU
		{5F4BD38E-FB94-44FE-A316-F4BE59CA0F56}.Release|Any CPU.Build.0 = Release|Any CPU
		{86310604-82B7-45C0-9223-DA9D1991DB3F}.Debug|Any CPU.ActiveCfg = Debug|Any CPU
		{86310604-82B7-45C0-9223-DA9D1991DB3F}.Debug|Any CPU.Build.0 = Debug|Any CPU
		{86310604-82B7-45C0-9223-DA9D1991DB3F}.Release|Any CPU.ActiveCfg = Release|Any CPU
		{86310604-82B7-45C0-9223-DA9D1991DB3F}.Release|Any CPU.Build.0 = Release|Any CPU
		{1F3D5ED6-55C8-4062-9A6B-A7A8A12310BF}.Debug|Any CPU.ActiveCfg = Debug|Any CPU
		{1F3D5ED6-55C8-4062-9A6B-A7A8A12310BF}.Debug|Any CPU.Build.0 = Debug|Any CPU
		{1F3D5ED6-55C8-4062-9A6B-A7A8A12310BF}.Release|Any CPU.ActiveCfg = Release|Any CPU
		{1F3D5ED6-55C8-4062-9A6B-A7A8A12310BF}.Release|Any CPU.Build.0 = Release|Any CPU
		{80240C83-6A1B-4BFC-B39A-624B8E9B8395}.Debug|Any CPU.ActiveCfg = Debug|Any CPU
		{80240C83-6A1B-4BFC-B39A-624B8E9B8395}.Debug|Any CPU.Build.0 = Debug|Any CPU
		{80240C83-6A1B-4BFC-B39A-624B8E9B8395}.Release|Any CPU.ActiveCfg = Release|Any CPU
		{80240C83-6A1B-4BFC-B39A-624B8E9B8395}.Release|Any CPU.Build.0 = Release|Any CPU
		{056104B5-EFCC-4989-8B1F-09C4F4D9E249}.Debug|Any CPU.ActiveCfg = Debug|Any CPU
		{056104B5-EFCC-4989-8B1F-09C4F4D9E249}.Debug|Any CPU.Build.0 = Debug|Any CPU
		{056104B5-EFCC-4989-8B1F-09C4F4D9E249}.Release|Any CPU.ActiveCfg = Release|Any CPU
		{056104B5-EFCC-4989-8B1F-09C4F4D9E249}.Release|Any CPU.Build.0 = Release|Any CPU
		{BEFA65B0-7CCB-46AA-BF9A-05A1552F5ED8}.Debug|Any CPU.ActiveCfg = Debug|Any CPU
		{BEFA65B0-7CCB-46AA-BF9A-05A1552F5ED8}.Debug|Any CPU.Build.0 = Debug|Any CPU
		{BEFA65B0-7CCB-46AA-BF9A-05A1552F5ED8}.Release|Any CPU.ActiveCfg = Release|Any CPU
		{BEFA65B0-7CCB-46AA-BF9A-05A1552F5ED8}.Release|Any CPU.Build.0 = Release|Any CPU
		{637517C2-D5F2-4DF0-85C1-2614BAEDB75C}.Debug|Any CPU.ActiveCfg = Debug|Any CPU
		{637517C2-D5F2-4DF0-85C1-2614BAEDB75C}.Debug|Any CPU.Build.0 = Debug|Any CPU
		{637517C2-D5F2-4DF0-85C1-2614BAEDB75C}.Release|Any CPU.ActiveCfg = Release|Any CPU
		{637517C2-D5F2-4DF0-85C1-2614BAEDB75C}.Release|Any CPU.Build.0 = Release|Any CPU
	EndGlobalSection
	GlobalSection(SolutionProperties) = preSolution
		HideSolutionNode = FALSE
	EndGlobalSection
	GlobalSection(ExtensibilityGlobals) = postSolution
		SolutionGuid = {6DB19663-ED6C-4D9D-931E-D0DF4D0076E8}
	EndGlobalSection
EndGlobal
